
Microsoft Visual Studio Solution File, Format Version 12.00
# Visual Studio 15
Project("{FAE04EC0-301F-11D3-BF4B-00C04F79EFBC}") = "Assembly-CSharp", "Assembly-CSharp.csproj", "{8C80B5A7-D691-6BB0-AE2C-E344190BD61D}"
EndProject
Project("{FAE04EC0-301F-11D3-BF4B-00C04F79EFBC}") = "Assembly-CSharp-Editor", "Assembly-CSharp-Editor.csproj", "{4FB0ADBA-09A7-F3A7-EBF5-A2D1E7301092}"
EndProject
Global
	GlobalSection(SolutionConfigurationPlatforms) = preSolution
		Debug|Any CPU = Debug|Any CPU
		Release|Any CPU = Release|Any CPU
	EndGlobalSection
	GlobalSection(ProjectConfigurationPlatforms) = postSolution
		{8C80B5A7-D691-6BB0-AE2C-E344190BD61D}.Debug|Any CPU.ActiveCfg = Debug|Any CPU
		{8C80B5A7-D691-6BB0-AE2C-E344190BD61D}.Debug|Any CPU.Build.0 = Debug|Any CPU
		{8C80B5A7-D691-6BB0-AE2C-E344190BD61D}.Release|Any CPU.ActiveCfg = Release|Any CPU
		{8C80B5A7-D691-6BB0-AE2C-E344190BD61D}.Release|Any CPU.Build.0 = Release|Any CPU
		{4FB0ADBA-09A7-F3A7-EBF5-A2D1E7301092}.Debug|Any CPU.ActiveCfg = Debug|Any CPU
		{4FB0ADBA-09A7-F3A7-EBF5-A2D1E7301092}.Debug|Any CPU.Build.0 = Debug|Any CPU
		{4FB0ADBA-09A7-F3A7-EBF5-A2D1E7301092}.Release|Any CPU.ActiveCfg = Release|Any CPU
		{4FB0ADBA-09A7-F3A7-EBF5-A2D1E7301092}.Release|Any CPU.Build.0 = Release|Any CPU
	EndGlobalSection
	GlobalSection(SolutionProperties) = preSolution
		HideSolutionNode = FALSE
	EndGlobalSection
	GlobalSection(MonoDevelopProperties) = preSolution
		StartupItem = Assembly-CSharp.csproj
	EndGlobalSection
EndGlobal
